
Microsoft Visual Studio Solution File, Format Version 12.00
# Visual Studio Version 17
VisualStudioVersion = 17.0.32112.339
MinimumVisualStudioVersion = 10.0.40219.1
Project("{FAE04EC0-301F-11D3-BF4B-00C04F79EFBC}") = "Demo1", "Demo1\Demo1.csproj", "{B7313D1C-1A6D-44E8-82EF-DEEFC6F8CC8D}"
EndProject
Project("{FAE04EC0-301F-11D3-BF4B-00C04F79EFBC}") = "Utility", "Utility\Utility.csproj", "{02AD7E08-C064-4F4F-BD25-40F7C1B23A36}"
EndProject
Global
	GlobalSection(SolutionConfigurationPlatforms) = preSolution
		Debug|Any CPU = Debug|Any CPU
		Release|Any CPU = Release|Any CPU
	EndGlobalSection
	GlobalSection(ProjectConfigurationPlatforms) = postSolution
		{B7313D1C-1A6D-44E8-82EF-DEEFC6F8CC8D}.Debug|Any CPU.ActiveCfg = Debug|Any CPU
		{B7313D1C-1A6D-44E8-82EF-DEEFC6F8CC8D}.Debug|Any CPU.Build.0 = Debug|Any CPU
		{B7313D1C-1A6D-44E8-82EF-DEEFC6F8CC8D}.Release|Any CPU.ActiveCfg = Release|Any CPU
		{B7313D1C-1A6D-44E8-82EF-DEEFC6F8CC8D}.Release|Any CPU.Build.0 = Release|Any CPU
		{02AD7E08-C064-4F4F-BD25-40F7C1B23A36}.Debug|Any CPU.ActiveCfg = Debug|Any CPU
		{02AD7E08-C064-4F4F-BD25-40F7C1B23A36}.Debug|Any CPU.Build.0 = Debug|Any CPU
		{02AD7E08-C064-4F4F-BD25-40F7C1B23A36}.Release|Any CPU.ActiveCfg = Release|Any CPU
		{02AD7E08-C064-4F4F-BD25-40F7C1B23A36}.Release|Any CPU.Build.0 = Release|Any CPU
	EndGlobalSection
	GlobalSection(SolutionProperties) = preSolution
		HideSolutionNode = FALSE
	EndGlobalSection
	GlobalSection(ExtensibilityGlobals) = postSolution
		SolutionGuid = {DA7BE15A-5A01-4F3A-A110-A184BD36C58A}
	EndGlobalSection
EndGlobal
